PODS:
  - CocoaLumberjack/Core (3.5.0)
  - CocoaLumberjack/Swift (3.5.0):
    - CocoaLumberjack/Core
  - NGLoggerKit (0.1):
    - XCGLogger
  - ObjcExceptionBridging (1.0.1):
    - ObjcExceptionBridging/ObjcExceptionBridging (= 1.0.1)
  - ObjcExceptionBridging/ObjcExceptionBridging (1.0.1)
  - XCGLogger (6.1.0):
    - XCGLogger/Core (= 6.1.0)
  - XCGLogger/Core (6.1.0):
    - ObjcExceptionBridging

DEPENDENCIES:
  - CocoaLumberjack/Swift (from `https://github.com/CocoaLumberjack/CocoaLumberjack.git`, branch `master`)
  - NGLoggerKit (from `../NGLoggerKit.podspec`)
  - XCGLogger

SPEC REPOS:
  https://github.com/cocoapods/specs.git:
    - ObjcExceptionBridging
    - XCGLogger

EXTERNAL SOURCES:
  CocoaLumberjack:
    :branch: master
    :git: https://github.com/CocoaLumberjack/CocoaLumberjack.git
  NGLoggerKit:
    :path: "../NGLoggerKit.podspec"

CHECKOUT OPTIONS:
  CocoaLumberjack:
    :commit: 26d9852c46ca1a673c3e62c20c1568df1e9ec2a0
    :git: https://github.com/CocoaLumberjack/CocoaLumberjack.git

SPEC CHECKSUMS:
  CocoaLumberjack: cffaa70a9336515228178e3669b71bd49d343850
  NGLoggerKit: bee83a13326253cd076e6d1bb4699af06ccbfa43
  ObjcExceptionBridging: c30e00eb3700467e695faeea30e26e18bd445001
  XCGLogger: 7f7f43f15dfe3a305fa1342b7dc29af656289abd

PODFILE CHECKSUM: 7ae0ac3435fe8d09b3705ae249d0a5060222cad8

COCOAPODS: 1.6.0.beta.2
