// !$*UTF8*$!
{
	archiveVersion = 1;
	classes = {
	};
	objectVersion = 50;
	objects = {

/* Begin PBXBuildFile section */
		6E3D9C3820F3F64900F719BF /* AppDelegate.swift in Sources */ = {isa = PBXBuildFile; fileRef = 6E3D9C3720F3F64900F719BF /* AppDelegate.swift */; };
		6E3D9C3A20F3F64900F719BF /* ViewController.swift in Sources */ = {isa = PBXBuildFile; fileRef = 6E3D9C3920F3F64900F719BF /* ViewController.swift */; };
		6E3D9C3D20F3F64900F719BF /* Main.storyboard in Resources */ = {isa = PBXBuildFile; fileRef = 6E3D9C3B20F3F64900F719BF /* Main.storyboard */; };
		6E3D9C3F20F3F64A00F719BF /* Assets.xcassets in Resources */ = {isa = PBXBuildFile; fileRef = 6E3D9C3E20F3F64A00F719BF /* Assets.xcassets */; };
		6E3D9C4220F3F64A00F719BF /* LaunchScreen.storyboard in Resources */ = {isa = PBXBuildFile; fileRef = 6E3D9C4020F3F64A00F719BF /* LaunchScreen.storyboard */; };
		6E9654B120F4DB16000679AE /* LoggerKit.framework in Frameworks */ = {isa = PBXBuildFile; fileRef = 6E9654B020F4DB16000679AE /* LoggerKit.framework */; };
		6E9654C520F4EB07000679AE /* LumberjackConsoleLogger.swift in Sources */ = {isa = PBXBuildFile; fileRef = 6E9654C220F4EB07000679AE /* LumberjackConsoleLogger.swift */; };
		6E9654C920F4F213000679AE /* ObjcLoggerViewController.m in Sources */ = {isa = PBXBuildFile; fileRef = 6E9654C820F4F213000679AE /* ObjcLoggerViewController.m */; };
		6EDE225920F792C6006D753B /* LoggerKitSampleCategory.swift in Sources */ = {isa = PBXBuildFile; fileRef = 6EDE225820F792C6006D753B /* LoggerKitSampleCategory.swift */; };
		CB1A9F0FC9A0AE633EB026CB /* Pods_LoggerKit_Sample.framework in Frameworks */ = {isa = PBXBuildFile; fileRef = 037D99B9AA871B0482BC8BE8 /* Pods_LoggerKit_Sample.framework */; };
/* End PBXBuildFile section */

/* Begin PBXCopyFilesBuildPhase section */
		6E9654AF20F416C3000679AE /* Embed Frameworks */ = {
			isa = PBXCopyFilesBuildPhase;
			buildActionMask = 2147483647;
			dstPath = "";
			dstSubfolderSpec = 10;
			files = (
			);
			name = "Embed Frameworks";
			runOnlyForDeploymentPostprocessing = 0;
		};
/* End PBXCopyFilesBuildPhase section */

/* Begin PBXFileReference section */
		037D99B9AA871B0482BC8BE8 /* Pods_LoggerKit_Sample.framework */ = {isa = PBXFileReference; explicitFileType = wrapper.framework; includeInIndex = 0; path = Pods_LoggerKit_Sample.framework; sourceTree = BUILT_PRODUCTS_DIR; };
		1E132095FF37441BB6BB2756 /* Pods-LoggerKit_Sample.release.xcconfig */ = {isa = PBXFileReference; includeInIndex = 1; lastKnownFileType = text.xcconfig; name = "Pods-LoggerKit_Sample.release.xcconfig"; path = "../Pods/Target Support Files/Pods-LoggerKit_Sample/Pods-LoggerKit_Sample.release.xcconfig"; sourceTree = "<group>"; };
		6E3D9C3420F3F64900F719BF /* LoggerKit_Sample.app */ = {isa = PBXFileReference; explicitFileType = wrapper.application; includeInIndex = 0; path = LoggerKit_Sample.app; sourceTree = BUILT_PRODUCTS_DIR; };
		6E3D9C3720F3F64900F719BF /* AppDelegate.swift */ = {isa = PBXFileReference; lastKnownFileType = sourcecode.swift; path = AppDelegate.swift; sourceTree = "<group>"; };
		6E3D9C3920F3F64900F719BF /* ViewController.swift */ = {isa = PBXFileReference; lastKnownFileType = sourcecode.swift; path = ViewController.swift; sourceTree = "<group>"; };
		6E3D9C3C20F3F64900F719BF /* Base */ = {isa = PBXFileReference; lastKnownFileType = file.storyboard; name = Base; path = Base.lproj/Main.storyboard; sourceTree = "<group>"; };
		6E3D9C3E20F3F64A00F719BF /* Assets.xcassets */ = {isa = PBXFileReference; lastKnownFileType = folder.assetcatalog; path = Assets.xcassets; sourceTree = "<group>"; };
		6E3D9C4120F3F64A00F719BF /* Base */ = {isa = PBXFileReference; lastKnownFileType = file.storyboard; name = Base; path = Base.lproj/LaunchScreen.storyboard; sourceTree = "<group>"; };
		6E3D9C4320F3F64A00F719BF /* Info.plist */ = {isa = PBXFileReference; lastKnownFileType = text.plist.xml; path = Info.plist; sourceTree = "<group>"; };
		6E9654B020F4DB16000679AE /* LoggerKit.framework */ = {isa = PBXFileReference; lastKnownFileType = wrapper.framework; name = LoggerKit.framework; path = LoggerKit_Sample/LoggerKit.framework; sourceTree = "<group>"; };
		6E9654C220F4EB07000679AE /* LumberjackConsoleLogger.swift */ = {isa = PBXFileReference; fileEncoding = 4; lastKnownFileType = sourcecode.swift; path = LumberjackConsoleLogger.swift; sourceTree = "<group>"; };
		6E9654C620F4F213000679AE /* LoggerKit_Sample-Bridging-Header.h */ = {isa = PBXFileReference; lastKnownFileType = sourcecode.c.h; path = "LoggerKit_Sample-Bridging-Header.h"; sourceTree = "<group>"; };
		6E9654C720F4F213000679AE /* ObjcLoggerViewController.h */ = {isa = PBXFileReference; lastKnownFileType = sourcecode.c.h; path = ObjcLoggerViewController.h; sourceTree = "<group>"; };
		6E9654C820F4F213000679AE /* ObjcLoggerViewController.m */ = {isa = PBXFileReference; lastKnownFileType = sourcecode.c.objc; path = ObjcLoggerViewController.m; sourceTree = "<group>"; };
		6EDE225820F792C6006D753B /* LoggerKitSampleCategory.swift */ = {isa = PBXFileReference; lastKnownFileType = sourcecode.swift; path = LoggerKitSampleCategory.swift; sourceTree = "<group>"; };
		DDB34BC9EC5F2764FE8594BF /* Pods-LoggerKit_Sample.debug.xcconfig */ = {isa = PBXFileReference; includeInIndex = 1; lastKnownFileType = text.xcconfig; name = "Pods-LoggerKit_Sample.debug.xcconfig"; path = "../Pods/Target Support Files/Pods-LoggerKit_Sample/Pods-LoggerKit_Sample.debug.xcconfig"; sourceTree = "<group>"; };
/* End PBXFileReference section */

/* Begin PBXFrameworksBuildPhase section */
		6E3D9C3120F3F64900F719BF /* Frameworks */ = {
			isa = PBXFrameworksBuildPhase;
			buildActionMask = 2147483647;
			files = (
				CB1A9F0FC9A0AE633EB026CB /* Pods_LoggerKit_Sample.framework in Frameworks */,
				6E9654B120F4DB16000679AE /* LoggerKit.framework in Frameworks */,
			);
			runOnlyForDeploymentPostprocessing = 0;
		};
/* End PBXFrameworksBuildPhase section */

/* Begin PBXGroup section */
		6E3D9C2B20F3F64900F719BF = {
			isa = PBXGroup;
			children = (
				6E3D9C3620F3F64900F719BF /* LoggerKit_Sample */,
				6E3D9C3520F3F64900F719BF /* Products */,
				6E3D9C4920F3F67F00F719BF /* Frameworks */,
				951E6A858971962DBD7CAC93 /* Pods */,
			);
			sourceTree = "<group>";
		};
		6E3D9C3520F3F64900F719BF /* Products */ = {
			isa = PBXGroup;
			children = (
				6E3D9C3420F3F64900F719BF /* LoggerKit_Sample.app */,
			);
			name = Products;
			sourceTree = "<group>";
		};
		6E3D9C3620F3F64900F719BF /* LoggerKit_Sample */ = {
			isa = PBXGroup;
			children = (
				6E9654BE20F4EB07000679AE /* Logger */,
				6E3D9C3720F3F64900F719BF /* AppDelegate.swift */,
				6E3D9C3920F3F64900F719BF /* ViewController.swift */,
				6E3D9C3B20F3F64900F719BF /* Main.storyboard */,
				6E3D9C3E20F3F64A00F719BF /* Assets.xcassets */,
				6E3D9C4020F3F64A00F719BF /* LaunchScreen.storyboard */,
				6E3D9C4320F3F64A00F719BF /* Info.plist */,
				6E9654C720F4F213000679AE /* ObjcLoggerViewController.h */,
				6E9654C820F4F213000679AE /* ObjcLoggerViewController.m */,
				6E9654C620F4F213000679AE /* LoggerKit_Sample-Bridging-Header.h */,
			);
			path = LoggerKit_Sample;
			sourceTree = "<group>";
		};
		6E3D9C4920F3F67F00F719BF /* Frameworks */ = {
			isa = PBXGroup;
			children = (
				6E9654B020F4DB16000679AE /* LoggerKit.framework */,
				037D99B9AA871B0482BC8BE8 /* Pods_LoggerKit_Sample.framework */,
			);
			name = Frameworks;
			sourceTree = "<group>";
		};
		6E9654BE20F4EB07000679AE /* Logger */ = {
			isa = PBXGroup;
			children = (
				6EDE225820F792C6006D753B /* LoggerKitSampleCategory.swift */,
				6E9654C220F4EB07000679AE /* LumberjackConsoleLogger.swift */,
			);
			path = Logger;
			sourceTree = "<group>";
		};
		951E6A858971962DBD7CAC93 /* Pods */ = {
			isa = PBXGroup;
			children = (
				DDB34BC9EC5F2764FE8594BF /* Pods-LoggerKit_Sample.debug.xcconfig */,
				1E132095FF37441BB6BB2756 /* Pods-LoggerKit_Sample.release.xcconfig */,
			);
			name = Pods;
			sourceTree = "<group>";
		};
/* End PBXGroup section */

/* Begin PBXNativeTarget section */
		6E3D9C3320F3F64900F719BF /* LoggerKit_Sample */ = {
			isa = PBXNativeTarget;
			buildConfigurationList = 6E3D9C4620F3F64A00F719BF /* Build configuration list for PBXNativeTarget "LoggerKit_Sample" */;
			buildPhases = (
				13EB5266EE974B6F77509766 /* [CP] Check Pods Manifest.lock */,
				6E3D9C3020F3F64900F719BF /* Sources */,
				6E3D9C3120F3F64900F719BF /* Frameworks */,
				6E3D9C3220F3F64900F719BF /* Resources */,
				0268932CB34FA17DC395D86E /* [CP] Embed Pods Frameworks */,
				6E9654AF20F416C3000679AE /* Embed Frameworks */,
			);
			buildRules = (
			);
			dependencies = (
			);
			name = LoggerKit_Sample;
			productName = LoggerKit_Sample;
			productReference = 6E3D9C3420F3F64900F719BF /* LoggerKit_Sample.app */;
			productType = "com.apple.product-type.application";
		};
/* End PBXNativeTarget section */

/* Begin PBXProject section */
		6E3D9C2C20F3F64900F719BF /* Project object */ = {
			isa = PBXProject;
			attributes = {
				LastSwiftUpdateCheck = 0940;
				LastUpgradeCheck = 0940;
				ORGANIZATIONNAME = Nuglif;
				TargetAttributes = {
					6E3D9C3320F3F64900F719BF = {
						CreatedOnToolsVersion = 9.4.1;
						LastSwiftMigration = 1010;
					};
				};
			};
			buildConfigurationList = 6E3D9C2F20F3F64900F719BF /* Build configuration list for PBXProject "LoggerKit_Sample" */;
			compatibilityVersion = "Xcode 9.3";
			developmentRegion = en;
			hasScannedForEncodings = 0;
			knownRegions = (
				en,
				Base,
			);
			mainGroup = 6E3D9C2B20F3F64900F719BF;
			productRefGroup = 6E3D9C3520F3F64900F719BF /* Products */;
			projectDirPath = "";
			projectRoot = "";
			targets = (
				6E3D9C3320F3F64900F719BF /* LoggerKit_Sample */,
			);
		};
/* End PBXProject section */

/* Begin PBXResourcesBuildPhase section */
		6E3D9C3220F3F64900F719BF /* Resources */ = {
			isa = PBXResourcesBuildPhase;
			buildActionMask = 2147483647;
			files = (
				6E3D9C4220F3F64A00F719BF /* LaunchScreen.storyboard in Resources */,
				6E3D9C3F20F3F64A00F719BF /* Assets.xcassets in Resources */,
				6E3D9C3D20F3F64900F719BF /* Main.storyboard in Resources */,
			);
			runOnlyForDeploymentPostprocessing = 0;
		};
/* End PBXResourcesBuildPhase section */

/* Begin PBXShellScriptBuildPhase section */
		0268932CB34FA17DC395D86E /* [CP] Embed Pods Frameworks */ = {
			isa = PBXShellScriptBuildPhase;
			buildActionMask = 2147483647;
			files = (
			);
			inputPaths = (
				"${PODS_ROOT}/Target Support Files/Pods-LoggerKit_Sample/Pods-LoggerKit_Sample-frameworks.sh",
				"${BUILT_PRODUCTS_DIR}/CocoaLumberjack/CocoaLumberjack.framework",
				"${BUILT_PRODUCTS_DIR}/LoggerKit/LoggerKit.framework",
				"${BUILT_PRODUCTS_DIR}/NGTools/NGTools.framework",
				"${BUILT_PRODUCTS_DIR}/ObjcExceptionBridging/ObjcExceptionBridging.framework",
				"${BUILT_PRODUCTS_DIR}/RxAtomic/RxAtomic.framework",
				"${BUILT_PRODUCTS_DIR}/RxCocoa/RxCocoa.framework",
				"${BUILT_PRODUCTS_DIR}/RxSwift/RxSwift.framework",
				"${BUILT_PRODUCTS_DIR}/XCGLogger/XCGLogger.framework",
			);
			name = "[CP] Embed Pods Frameworks";
			outputPaths = (
				"${TARGET_BUILD_DIR}/${FRAMEWORKS_FOLDER_PATH}/CocoaLumberjack.framework",
				"${TARGET_BUILD_DIR}/${FRAMEWORKS_FOLDER_PATH}/LoggerKit.framework",
				"${TARGET_BUILD_DIR}/${FRAMEWORKS_FOLDER_PATH}/NGTools.framework",
				"${TARGET_BUILD_DIR}/${FRAMEWORKS_FOLDER_PATH}/ObjcExceptionBridging.framework",
				"${TARGET_BUILD_DIR}/${FRAMEWORKS_FOLDER_PATH}/RxAtomic.framework",
				"${TARGET_BUILD_DIR}/${FRAMEWORKS_FOLDER_PATH}/RxCocoa.framework",
				"${TARGET_BUILD_DIR}/${FRAMEWORKS_FOLDER_PATH}/RxSwift.framework",
				"${TARGET_BUILD_DIR}/${FRAMEWORKS_FOLDER_PATH}/XCGLogger.framework",
			);
			runOnlyForDeploymentPostprocessing = 0;
			shellPath = /bin/sh;
			shellScript = "\"${PODS_ROOT}/Target Support Files/Pods-LoggerKit_Sample/Pods-LoggerKit_Sample-frameworks.sh\"\n";
			showEnvVarsInLog = 0;
		};
		13EB5266EE974B6F77509766 /* [CP] Check Pods Manifest.lock */ = {
			isa = PBXShellScriptBuildPhase;
			buildActionMask = 2147483647;
			files = (
			);
			inputPaths = (
				"${PODS_PODFILE_DIR_PATH}/Podfile.lock",
				"${PODS_ROOT}/Manifest.lock",
			);
			name = "[CP] Check Pods Manifest.lock";
			outputPaths = (
				"$(DERIVED_FILE_DIR)/Pods-LoggerKit_Sample-checkManifestLockResult.txt",
			);
			runOnlyForDeploymentPostprocessing = 0;
			shellPath = /bin/sh;
			shellScript = "diff \"${PODS_PODFILE_DIR_PATH}/Podfile.lock\" \"${PODS_ROOT}/Manifest.lock\" > /dev/null\nif [ $? != 0 ] ; then\n    # print error to STDERR\n    echo \"error: The sandbox is not in sync with the Podfile.lock. Run 'pod install' or update your CocoaPods installation.\" >&2\n    exit 1\nfi\n# This output is used by Xcode 'outputs' to avoid re-running this script phase.\necho \"SUCCESS\" > \"${SCRIPT_OUTPUT_FILE_0}\"\n";
			showEnvVarsInLog = 0;
		};
/* End PBXShellScriptBuildPhase section */

/* Begin PBXSourcesBuildPhase section */
		6E3D9C3020F3F64900F719BF /* Sources */ = {
			isa = PBXSourcesBuildPhase;
			buildActionMask = 2147483647;
			files = (
				6EDE225920F792C6006D753B /* LoggerKitSampleCategory.swift in Sources */,
				6E3D9C3A20F3F64900F719BF /* ViewController.swift in Sources */,
				6E3D9C3820F3F64900F719BF /* AppDelegate.swift in Sources */,
				6E9654C920F4F213000679AE /* ObjcLoggerViewController.m in Sources */,
				6E9654C520F4EB07000679AE /* LumberjackConsoleLogger.swift in Sources */,
			);
			runOnlyForDeploymentPostprocessing = 0;
		};
/* End PBXSourcesBuildPhase section */

/* Begin PBXVariantGroup section */
		6E3D9C3B20F3F64900F719BF /* Main.storyboard */ = {
			isa = PBXVariantGroup;
			children = (
				6E3D9C3C20F3F64900F719BF /* Base */,
			);
			name = Main.storyboard;
			sourceTree = "<group>";
		};
		6E3D9C4020F3F64A00F719BF /* LaunchScreen.storyboard */ = {
			isa = PBXVariantGroup;
			children = (
				6E3D9C4120F3F64A00F719BF /* Base */,
			);
			name = LaunchScreen.storyboard;
			sourceTree = "<group>";
		};
/* End PBXVariantGroup section */

/* Begin XCBuildConfiguration section */
		6E3D9C4420F3F64A00F719BF /* Debug */ = {
			isa = XCBuildConfiguration;
			buildSettings = {
				ALWAYS_SEARCH_USER_PATHS = NO;
				CLANG_ANALYZER_NONNULL = YES;
				CLANG_ANALYZER_NUMBER_OBJECT_CONVERSION = YES_AGGRESSIVE;
				CLANG_CXX_LANGUAGE_STANDARD = "gnu++14";
				CLANG_CXX_LIBRARY = "libc++";
				CLANG_ENABLE_MODULES = YES;
				CLANG_ENABLE_OBJC_ARC = YES;
				CLANG_ENABLE_OBJC_WEAK = YES;
				CLANG_WARN_BLOCK_CAPTURE_AUTORELEASING = YES;
				CLANG_WARN_BOOL_CONVERSION = YES;
				CLANG_WARN_COMMA = YES;
				CLANG_WARN_CONSTANT_CONVERSION = YES;
				CLANG_WARN_DEPRECATED_OBJC_IMPLEMENTATIONS = YES;
				CLANG_WARN_DIRECT_OBJC_ISA_USAGE = YES_ERROR;
				CLANG_WARN_DOCUMENTATION_COMMENTS = YES;
				CLANG_WARN_EMPTY_BODY = YES;
				CLANG_WARN_ENUM_CONVERSION = YES;
				CLANG_WARN_INFINITE_RECURSION = YES;
				CLANG_WARN_INT_CONVERSION = YES;
				CLANG_WARN_NON_LITERAL_NULL_CONVERSION = YES;
				CLANG_WARN_OBJC_IMPLICIT_RETAIN_SELF = YES;
				CLANG_WARN_OBJC_LITERAL_CONVERSION = YES;
				CLANG_WARN_OBJC_ROOT_CLASS = YES_ERROR;
				CLANG_WARN_RANGE_LOOP_ANALYSIS = YES;
				CLANG_WARN_STRICT_PROTOTYPES = YES;
				CLANG_WARN_SUSPICIOUS_MOVE = YES;
				CLANG_WARN_UNGUARDED_AVAILABILITY = YES_AGGRESSIVE;
				CLANG_WARN_UNREACHABLE_CODE = YES;
				CLANG_WARN__DUPLICATE_METHOD_MATCH = YES;
				CODE_SIGN_IDENTITY = "iPhone Developer";
				COPY_PHASE_STRIP = NO;
				DEBUG_INFORMATION_FORMAT = dwarf;
				ENABLE_STRICT_OBJC_MSGSEND = YES;
				ENABLE_TESTABILITY = YES;
				GCC_C_LANGUAGE_STANDARD = gnu11;
				GCC_DYNAMIC_NO_PIC = NO;
				GCC_NO_COMMON_BLOCKS = YES;
				GCC_OPTIMIZATION_LEVEL = 0;
				GCC_PREPROCESSOR_DEFINITIONS = (
					"DEBUG=1",
					"$(inherited)",
				);
				GCC_WARN_64_TO_32_BIT_CONVERSION = YES;
				GCC_WARN_ABOUT_RETURN_TYPE = YES_ERROR;
				GCC_WARN_UNDECLARED_SELECTOR = YES;
				GCC_WARN_UNINITIALIZED_AUTOS = YES_AGGRESSIVE;
				GCC_WARN_UNUSED_FUNCTION = YES;
				GCC_WARN_UNUSED_VARIABLE = YES;
				IPHONEOS_DEPLOYMENT_TARGET = 11.4;
				MTL_ENABLE_DEBUG_INFO = YES;
				ONLY_ACTIVE_ARCH = YES;
				SDKROOT = iphoneos;
				SWIFT_ACTIVE_COMPILATION_CONDITIONS = DEBUG;
				SWIFT_OPTIMIZATION_LEVEL = "-Onone";
			};
			name = Debug;
		};
		6E3D9C4520F3F64A00F719BF /* Release */ = {
			isa = XCBuildConfiguration;
			buildSettings = {
				ALWAYS_SEARCH_USER_PATHS = NO;
				CLANG_ANALYZER_NONNULL = YES;
				CLANG_ANALYZER_NUMBER_OBJECT_CONVERSION = YES_AGGRESSIVE;
				CLANG_CXX_LANGUAGE_STANDARD = "gnu++14";
				CLANG_CXX_LIBRARY = "libc++";
				CLANG_ENABLE_MODULES = YES;
				CLANG_ENABLE_OBJC_ARC = YES;
				CLANG_ENABLE_OBJC_WEAK = YES;
				CLANG_WARN_BLOCK_CAPTURE_AUTORELEASING = YES;
				CLANG_WARN_BOOL_CONVERSION = YES;
				CLANG_WARN_COMMA = YES;
				CLANG_WARN_CONSTANT_CONVERSION = YES;
				CLANG_WARN_DEPRECATED_OBJC_IMPLEMENTATIONS = YES;
				CLANG_WARN_DIRECT_OBJC_ISA_USAGE = YES_ERROR;
				CLANG_WARN_DOCUMENTATION_COMMENTS = YES;
				CLANG_WARN_EMPTY_BODY = YES;
				CLANG_WARN_ENUM_CONVERSION = YES;
				CLANG_WARN_INFINITE_RECURSION = YES;
				CLANG_WARN_INT_CONVERSION = YES;
				CLANG_WARN_NON_LITERAL_NULL_CONVERSION = YES;
				CLANG_WARN_OBJC_IMPLICIT_RETAIN_SELF = YES;
				CLANG_WARN_OBJC_LITERAL_CONVERSION = YES;
				CLANG_WARN_OBJC_ROOT_CLASS = YES_ERROR;
				CLANG_WARN_RANGE_LOOP_ANALYSIS = YES;
				CLANG_WARN_STRICT_PROTOTYPES = YES;
				CLANG_WARN_SUSPICIOUS_MOVE = YES;
				CLANG_WARN_UNGUARDED_AVAILABILITY = YES_AGGRESSIVE;
				CLANG_WARN_UNREACHABLE_CODE = YES;
				CLANG_WARN__DUPLICATE_METHOD_MATCH = YES;
				CODE_SIGN_IDENTITY = "iPhone Developer";
				COPY_PHASE_STRIP = NO;
				DEBUG_INFORMATION_FORMAT = "dwarf-with-dsym";
				ENABLE_NS_ASSERTIONS = NO;
				ENABLE_STRICT_OBJC_MSGSEND = YES;
				GCC_C_LANGUAGE_STANDARD = gnu11;
				GCC_NO_COMMON_BLOCKS = YES;
				GCC_WARN_64_TO_32_BIT_CONVERSION = YES;
				GCC_WARN_ABOUT_RETURN_TYPE = YES_ERROR;
				GCC_WARN_UNDECLARED_SELECTOR = YES;
				GCC_WARN_UNINITIALIZED_AUTOS = YES_AGGRESSIVE;
				GCC_WARN_UNUSED_FUNCTION = YES;
				GCC_WARN_UNUSED_VARIABLE = YES;
				IPHONEOS_DEPLOYMENT_TARGET = 11.4;
				MTL_ENABLE_DEBUG_INFO = NO;
				SDKROOT = iphoneos;
				SWIFT_COMPILATION_MODE = wholemodule;
				SWIFT_OPTIMIZATION_LEVEL = "-O";
				VALIDATE_PRODUCT = YES;
			};
			name = Release;
		};
		6E3D9C4720F3F64A00F719BF /* Debug */ = {
			isa = XCBuildConfiguration;
			baseConfigurationReference = DDB34BC9EC5F2764FE8594BF /* Pods-LoggerKit_Sample.debug.xcconfig */;
			buildSettings = {
				ALWAYS_EMBED_SWIFT_STANDARD_LIBRARIES = YES;
				ASSETCATALOG_COMPILER_APPICON_NAME = AppIcon;
				CLANG_ENABLE_MODULES = YES;
				CODE_SIGN_STYLE = Automatic;
				DEVELOPMENT_TEAM = Z45WA4MSEP;
				FRAMEWORK_SEARCH_PATHS = (
					"$(inherited)",
					"$(PROJECT_DIR)",
					"$(BUILT_PRODUCTS_DIR)/**",
					"$(PROJECT_DIR)/LoggerKit_Sample",
				);
				INFOPLIST_FILE = LoggerKit_Sample/Info.plist;
				IPHONEOS_DEPLOYMENT_TARGET = 9.3;
				LD_RUNPATH_SEARCH_PATHS = (
					"$(inherited)",
					"@executable_path/Frameworks",
				);
				PRODUCT_BUNDLE_IDENTIFIER = "ca.entreprise.LoggerKit-Sample";
				PRODUCT_NAME = "$(TARGET_NAME)";
				SWIFT_OBJC_BRIDGING_HEADER = "LoggerKit_Sample/LoggerKit_Sample-Bridging-Header.h";
				SWIFT_OPTIMIZATION_LEVEL = "-Onone";
				SWIFT_VERSION = 4.2;
				TARGETED_DEVICE_FAMILY = "1,2";
			};
			name = Debug;
		};
		6E3D9C4820F3F64A00F719BF /* Release */ = {
			isa = XCBuildConfiguration;
			baseConfigurationReference = 1E132095FF37441BB6BB2756 /* Pods-LoggerKit_Sample.release.xcconfig */;
			buildSettings = {
				ALWAYS_EMBED_SWIFT_STANDARD_LIBRARIES = YES;
				ASSETCATALOG_COMPILER_APPICON_NAME = AppIcon;
				CLANG_ENABLE_MODULES = YES;
				CODE_SIGN_STYLE = Automatic;
				DEVELOPMENT_TEAM = Z45WA4MSEP;
				FRAMEWORK_SEARCH_PATHS = (
					"$(inherited)",
					"$(PROJECT_DIR)",
					"$(PROJECT_DIR)/LoggerKit_Sample",
				);
				INFOPLIST_FILE = LoggerKit_Sample/Info.plist;
				IPHONEOS_DEPLOYMENT_TARGET = 9.3;
				LD_RUNPATH_SEARCH_PATHS = (
					"$(inherited)",
					"@executable_path/Frameworks",
				);
				PRODUCT_BUNDLE_IDENTIFIER = "ca.entreprise.LoggerKit-Sample";
				PRODUCT_NAME = "$(TARGET_NAME)";
				SWIFT_OBJC_BRIDGING_HEADER = "LoggerKit_Sample/LoggerKit_Sample-Bridging-Header.h";
				SWIFT_VERSION = 4.2;
				TARGETED_DEVICE_FAMILY = "1,2";
			};
			name = Release;
		};
/* End XCBuildConfiguration section */

/* Begin XCConfigurationList section */
		6E3D9C2F20F3F64900F719BF /* Build configuration list for PBXProject "LoggerKit_Sample" */ = {
			isa = XCConfigurationList;
			buildConfigurations = (
				6E3D9C4420F3F64A00F719BF /* Debug */,
				6E3D9C4520F3F64A00F719BF /* Release */,
			);
			defaultConfigurationIsVisible = 0;
			defaultConfigurationName = Release;
		};
		6E3D9C4620F3F64A00F719BF /* Build configuration list for PBXNativeTarget "LoggerKit_Sample" */ = {
			isa = XCConfigurationList;
			buildConfigurations = (
				6E3D9C4720F3F64A00F719BF /* Debug */,
				6E3D9C4820F3F64A00F719BF /* Release */,
			);
			defaultConfigurationIsVisible = 0;
			defaultConfigurationName = Release;
		};
/* End XCConfigurationList section */
	};
	rootObject = 6E3D9C2C20F3F64900F719BF /* Project object */;
}
