{
  "object": {
    "pins": [
      {
        "package": "XCGLogger",
        "repositoryURL": "https://github.com/DaveWoodCom/XCGLogger",
        "state": {
          "branch": "main",
          "revision": "8c8ebf30c502e093c7d43e0e9533eee13b8bfd3e",
          "version": null
        }
      }
    ]
  },
  "version": 1
}
