{
  "object": {
    "pins": [
      {
        "package": "XCGLogger",
        "repositoryURL": "https://github.com/DaveWoodCom/XCGLogger",
        "state": {
          "branch": "main",
          "revision": "3cae293fd145117d0f692148795a6d33e92cc634",
          "version": null
        }
      }
    ]
  },
  "version": 1
}
