{
  "object": {
    "pins": [
      {
        "package": "XCGLogger",
        "repositoryURL": "https://github.com/bmalbuck/XCGLogger",
        "state": {
          "branch": "master",
          "revision": "da962de79eea3be305f8f8e3f66752c3a7955afd",
          "version": null
        }
      }
    ]
  },
  "version": 1
}
